
Microsoft Visual Studio Solution File, Format Version 12.00
# Visual Studio Version 16
VisualStudioVersion = 16.0.29905.134
MinimumVisualStudioVersion = 10.0.40219.1
Project("{FAE04EC0-301F-11D3-BF4B-00C04F79EFBC}") = "WebApp", "WebApp\WebApp.csproj", "{8635E3F7-6283-4FE5-832B-AA72D3698BF6}"
EndProject
Global
	GlobalSection(SolutionConfigurationPlatforms) = preSolution
		Debug|Any CPU = Debug|Any CPU
		Release|Any CPU = Release|Any CPU
	EndGlobalSection
	GlobalSection(ProjectConfigurationPlatforms) = postSolution
		{8635E3F7-6283-4FE5-832B-AA72D3698BF6}.Debug|Any CPU.ActiveCfg = Debug|Any CPU
		{8635E3F7-6283-4FE5-832B-AA72D3698BF6}.Debug|Any CPU.Build.0 = Debug|Any CPU
		{8635E3F7-6283-4FE5-832B-AA72D3698BF6}.Release|Any CPU.ActiveCfg = Release|Any CPU
		{8635E3F7-6283-4FE5-832B-AA72D3698BF6}.Release|Any CPU.Build.0 = Release|Any CPU
	EndGlobalSection
	GlobalSection(SolutionProperties) = preSolution
		HideSolutionNode = FALSE
	EndGlobalSection
	GlobalSection(ExtensibilityGlobals) = postSolution
		SolutionGuid = {B264F621-E0DC-42BF-A501-ED5F0626BF42}
	EndGlobalSection
EndGlobal
